# This file is automatically @generated by Cargo.
# It is not intended for manual editing.
version = 4

[[package]]
name = "openagent-app-server"
version = "0.1.0"
dependencies = [
 "openagent-core",
 "openagent-protocol",
 "openagent-session",
]

[[package]]
name = "openagent-app-server-client"
version = "0.1.0"
dependencies = [
 "openagent-protocol",
]

[[package]]
name = "openagent-cli"
version = "0.1.0"
dependencies = [
 "openagent-core",
 "openagent-protocol",
 "openagent-provider",
 "openagent-session",
 "openagent-swarm",
 "openagent-tools",
]

[[package]]
name = "openagent-core"
version = "0.1.0"
dependencies = [
 "openagent-protocol",
]

[[package]]
name = "openagent-eval"
version = "0.1.0"
dependencies = [
 "openagent-core",
 "openagent-protocol",
 "openagent-session",
]

[[package]]
name = "openagent-http-runtime"
version = "0.1.0"
dependencies = [
 "openagent-app-server",
 "openagent-core",
 "openagent-provider",
 "openagent-session",
]

[[package]]
name = "openagent-mcp"
version = "0.1.0"
dependencies = [
 "openagent-protocol",
 "openagent-tools",
]

[[package]]
name = "openagent-protocol"
version = "0.1.0"

[[package]]
name = "openagent-provider"
version = "0.1.0"
dependencies = [
 "openagent-protocol",
]

[[package]]
name = "openagent-session"
version = "0.1.0"
dependencies = [
 "openagent-protocol",
]

[[package]]
name = "openagent-swarm"
version = "0.1.0"
dependencies = [
 "openagent-protocol",
]

[[package]]
name = "openagent-tools"
version = "0.1.0"
dependencies = [
 "openagent-protocol",
]

[[package]]
name = "openagent-tui"
version = "0.1.0"
dependencies = [
 "openagent-app-server-client",
 "openagent-core",
]
